
Microsoft Visual Studio Solution File, Format Version 12.00
# Visual Studio 2013
VisualStudioVersion = 12.0.40629.0
MinimumVisualStudioVersion = 10.0.40219.1
Project("{FAE04EC0-301F-11D3-BF4B-00C04F79EFBC}") = "ORM", "ORM\ORM.csproj", "{2062ABD8-B60A-4FE6-98E6-0E85F9E8CBED}"
EndProject
Project("{FAE04EC0-301F-11D3-BF4B-00C04F79EFBC}") = "DAL", "DAL\DAL.csproj", "{4DD57446-9CBA-43B1-86FC-32CDB5D2FAB4}"
EndProject
Project("{FAE04EC0-301F-11D3-BF4B-00C04F79EFBC}") = "DAL.Interface", "DAL.Interface\DAL.Interface.csproj", "{25A5B80A-A04A-4B16-BEF8-9A0B14164291}"
EndProject
Project("{FAE04EC0-301F-11D3-BF4B-00C04F79EFBC}") = "BLL", "BLL\BLL.csproj", "{61DA7794-7455-4DE2-B447-AB2F218FC517}"
EndProject
Project("{FAE04EC0-301F-11D3-BF4B-00C04F79EFBC}") = "BLL.Interface", "BLL.Interface\BLL.Interface.csproj", "{9901DA70-5F49-49A7-B366-AD4A38FD572B}"
EndProject
Project("{FAE04EC0-301F-11D3-BF4B-00C04F79EFBC}") = "PL", "PL\PL.csproj", "{E64CB2CA-B1B2-42F7-BF08-5A59719EE860}"
EndProject
Project("{FAE04EC0-301F-11D3-BF4B-00C04F79EFBC}") = "DependencyResloverModule", "DependencyResloverModule\DependencyResloverModule.csproj", "{3C2C98B1-A387-436A-90AA-5D8C56036E6F}"
EndProject
Project("{FAE04EC0-301F-11D3-BF4B-00C04F79EFBC}") = "UnitTests", "UnitTests\UnitTests.csproj", "{ACA2F6E6-BEC7-4D97-91CC-50F797ACEB6A}"
EndProject
Global
	GlobalSection(SolutionConfigurationPlatforms) = preSolution
		Debug|Any CPU = Debug|Any CPU
		Release|Any CPU = Release|Any CPU
	EndGlobalSection
	GlobalSection(ProjectConfigurationPlatforms) = postSolution
		{2062ABD8-B60A-4FE6-98E6-0E85F9E8CBED}.Debug|Any CPU.ActiveCfg = Debug|Any CPU
		{2062ABD8-B60A-4FE6-98E6-0E85F9E8CBED}.Debug|Any CPU.Build.0 = Debug|Any CPU
		{2062ABD8-B60A-4FE6-98E6-0E85F9E8CBED}.Release|Any CPU.ActiveCfg = Release|Any CPU
		{2062ABD8-B60A-4FE6-98E6-0E85F9E8CBED}.Release|Any CPU.Build.0 = Release|Any CPU
		{4DD57446-9CBA-43B1-86FC-32CDB5D2FAB4}.Debug|Any CPU.ActiveCfg = Debug|Any CPU
		{4DD57446-9CBA-43B1-86FC-32CDB5D2FAB4}.Debug|Any CPU.Build.0 = Debug|Any CPU
		{4DD57446-9CBA-43B1-86FC-32CDB5D2FAB4}.Release|Any CPU.ActiveCfg = Release|Any CPU
		{4DD57446-9CBA-43B1-86FC-32CDB5D2FAB4}.Release|Any CPU.Build.0 = Release|Any CPU
		{25A5B80A-A04A-4B16-BEF8-9A0B14164291}.Debug|Any CPU.ActiveCfg = Debug|Any CPU
		{25A5B80A-A04A-4B16-BEF8-9A0B14164291}.Debug|Any CPU.Build.0 = Debug|Any CPU
		{25A5B80A-A04A-4B16-BEF8-9A0B14164291}.Release|Any CPU.ActiveCfg = Release|Any CPU
		{25A5B80A-A04A-4B16-BEF8-9A0B14164291}.Release|Any CPU.Build.0 = Release|Any CPU
		{61DA7794-7455-4DE2-B447-AB2F218FC517}.Debug|Any CPU.ActiveCfg = Debug|Any CPU
		{61DA7794-7455-4DE2-B447-AB2F218FC517}.Debug|Any CPU.Build.0 = Debug|Any CPU
		{61DA7794-7455-4DE2-B447-AB2F218FC517}.Release|Any CPU.ActiveCfg = Release|Any CPU
		{61DA7794-7455-4DE2-B447-AB2F218FC517}.Release|Any CPU.Build.0 = Release|Any CPU
		{9901DA70-5F49-49A7-B366-AD4A38FD572B}.Debug|Any CPU.ActiveCfg = Debug|Any CPU
		{9901DA70-5F49-49A7-B366-AD4A38FD572B}.Debug|Any CPU.Build.0 = Debug|Any CPU
		{9901DA70-5F49-49A7-B366-AD4A38FD572B}.Release|Any CPU.ActiveCfg = Release|Any CPU
		{9901DA70-5F49-49A7-B366-AD4A38FD572B}.Release|Any CPU.Build.0 = Release|Any CPU
		{E64CB2CA-B1B2-42F7-BF08-5A59719EE860}.Debug|Any CPU.ActiveCfg = Debug|Any CPU
		{E64CB2CA-B1B2-42F7-BF08-5A59719EE860}.Debug|Any CPU.Build.0 = Debug|Any CPU
		{E64CB2CA-B1B2-42F7-BF08-5A59719EE860}.Release|Any CPU.ActiveCfg = Release|Any CPU
		{E64CB2CA-B1B2-42F7-BF08-5A59719EE860}.Release|Any CPU.Build.0 = Release|Any CPU
		{3C2C98B1-A387-436A-90AA-5D8C56036E6F}.Debug|Any CPU.ActiveCfg = Debug|Any CPU
		{3C2C98B1-A387-436A-90AA-5D8C56036E6F}.Debug|Any CPU.Build.0 = Debug|Any CPU
		{3C2C98B1-A387-436A-90AA-5D8C56036E6F}.Release|Any CPU.ActiveCfg = Release|Any CPU
		{3C2C98B1-A387-436A-90AA-5D8C56036E6F}.Release|Any CPU.Build.0 = Release|Any CPU
		{ACA2F6E6-BEC7-4D97-91CC-50F797ACEB6A}.Debug|Any CPU.ActiveCfg = Debug|Any CPU
		{ACA2F6E6-BEC7-4D97-91CC-50F797ACEB6A}.Debug|Any CPU.Build.0 = Debug|Any CPU
		{ACA2F6E6-BEC7-4D97-91CC-50F797ACEB6A}.Release|Any CPU.ActiveCfg = Release|Any CPU
		{ACA2F6E6-BEC7-4D97-91CC-50F797ACEB6A}.Release|Any CPU.Build.0 = Release|Any CPU
	EndGlobalSection
	GlobalSection(SolutionProperties) = preSolution
		HideSolutionNode = FALSE
	EndGlobalSection
EndGlobal
